// !$*UTF8*$!
{
	archiveVersion = 1;
	classes = {
	};
	objectVersion = 50;
	objects = {

/* Begin PBXBuildFile section */
		72246D5226722F4600B60866 /* Defect.storyboard in Resources */ = {isa = PBXBuildFile; fileRef = 72246D5126722F4600B60866 /* Defect.storyboard */; };
		724C3B302657B64F003AD330 /* AppDelegate.swift in Sources */ = {isa = PBXBuildFile; fileRef = 724C3B2F2657B64F003AD330 /* AppDelegate.swift */; };
		724C3B322657B64F003AD330 /* SceneDelegate.swift in Sources */ = {isa = PBXBuildFile; fileRef = 724C3B312657B64F003AD330 /* SceneDelegate.swift */; };
		724C3B342657B64F003AD330 /* ViewController.swift in Sources */ = {isa = PBXBuildFile; fileRef = 724C3B332657B64F003AD330 /* ViewController.swift */; };
		724C3B372657B64F003AD330 /* Main.storyboard in Resources */ = {isa = PBXBuildFile; fileRef = 724C3B352657B64F003AD330 /* Main.storyboard */; };
		724C3B392657B657003AD330 /* Assets.xcassets in Resources */ = {isa = PBXBuildFile; fileRef = 724C3B382657B657003AD330 /* Assets.xcassets */; };
		724C3B3C2657B657003AD330 /* LaunchScreen.storyboard in Resources */ = {isa = PBXBuildFile; fileRef = 724C3B3A2657B657003AD330 /* LaunchScreen.storyboard */; };
/* End PBXBuildFile section */

/* Begin PBXFileReference section */
		72246D5126722F4600B60866 /* Defect.storyboard */ = {isa = PBXFileReference; fileEncoding = 4; lastKnownFileType = file.storyboard; path = Defect.storyboard; sourceTree = "<group>"; };
		724C3B2C2657B64F003AD330 /* Permission.app */ = {isa = PBXFileReference; explicitFileType = wrapper.application; includeInIndex = 0; path = Permission.app; sourceTree = BUILT_PRODUCTS_DIR; };
		724C3B2F2657B64F003AD330 /* AppDelegate.swift */ = {isa = PBXFileReference; lastKnownFileType = sourcecode.swift; path = AppDelegate.swift; sourceTree = "<group>"; };
		724C3B312657B64F003AD330 /* SceneDelegate.swift */ = {isa = PBXFileReference; lastKnownFileType = sourcecode.swift; path = SceneDelegate.swift; sourceTree = "<group>"; };
		724C3B332657B64F003AD330 /* ViewController.swift */ = {isa = PBXFileReference; lastKnownFileType = sourcecode.swift; path = ViewController.swift; sourceTree = "<group>"; };
		724C3B362657B64F003AD330 /* Base */ = {isa = PBXFileReference; lastKnownFileType = file.storyboard; name = Base; path = Base.lproj/Main.storyboard; sourceTree = "<group>"; };
		724C3B382657B657003AD330 /* Assets.xcassets */ = {isa = PBXFileReference; lastKnownFileType = folder.assetcatalog; path = Assets.xcassets; sourceTree = "<group>"; };
		724C3B3B2657B657003AD330 /* Base */ = {isa = PBXFileReference; lastKnownFileType = file.storyboard; name = Base; path = Base.lproj/LaunchScreen.storyboard; sourceTree = "<group>"; };
		724C3B3D2657B657003AD330 /* Info.plist */ = {isa = PBXFileReference; lastKnownFileType = text.plist.xml; path = Info.plist; sourceTree = "<group>"; };
/* End PBXFileReference section */

/* Begin PBXFrameworksBuildPhase section */
		724C3B292657B64F003AD330 /* Frameworks */ = {
			isa = PBXFrameworksBuildPhase;
			buildActionMask = 2147483647;
			files = (
			);
			runOnlyForDeploymentPostprocessing = 0;
		};
/* End PBXFrameworksBuildPhase section */

/* Begin PBXGroup section */
		724C3B232657B64F003AD330 = {
			isa = PBXGroup;
			children = (
				724C3B2E2657B64F003AD330 /* Permission */,
				724C3B2D2657B64F003AD330 /* Products */,
			);
			sourceTree = "<group>";
		};
		724C3B2D2657B64F003AD330 /* Products */ = {
			isa = PBXGroup;
			children = (
				724C3B2C2657B64F003AD330 /* Permission.app */,
			);
			name = Products;
			sourceTree = "<group>";
		};
		724C3B2E2657B64F003AD330 /* Permission */ = {
			isa = PBXGroup;
			children = (
				72246D5126722F4600B60866 /* Defect.storyboard */,
				724C3B2F2657B64F003AD330 /* AppDelegate.swift */,
				724C3B312657B64F003AD330 /* SceneDelegate.swift */,
				724C3B332657B64F003AD330 /* ViewController.swift */,
				724C3B352657B64F003AD330 /* Main.storyboard */,
				724C3B382657B657003AD330 /* Assets.xcassets */,
				724C3B3A2657B657003AD330 /* LaunchScreen.storyboard */,
				724C3B3D2657B657003AD330 /* Info.plist */,
			);
			path = Permission;
			sourceTree = "<group>";
		};
/* End PBXGroup section */

/* Begin PBXNativeTarget section */
		724C3B2B2657B64F003AD330 /* Permission */ = {
			isa = PBXNativeTarget;
			buildConfigurationList = 724C3B402657B657003AD330 /* Build configuration list for PBXNativeTarget "Permission" */;
			buildPhases = (
				724C3B282657B64F003AD330 /* Sources */,
				724C3B292657B64F003AD330 /* Frameworks */,
				724C3B2A2657B64F003AD330 /* Resources */,
			);
			buildRules = (
			);
			dependencies = (
			);
			name = Permission;
			productName = Permission;
			productReference = 724C3B2C2657B64F003AD330 /* Permission.app */;
			productType = "com.apple.product-type.application";
		};
/* End PBXNativeTarget section */

/* Begin PBXProject section */
		724C3B242657B64F003AD330 /* Project object */ = {
			isa = PBXProject;
			attributes = {
				LastSwiftUpdateCheck = 1240;
				LastUpgradeCheck = 1240;
				TargetAttributes = {
					724C3B2B2657B64F003AD330 = {
						CreatedOnToolsVersion = 12.4;
					};
				};
			};
			buildConfigurationList = 724C3B272657B64F003AD330 /* Build configuration list for PBXProject "Permission" */;
			compatibilityVersion = "Xcode 9.3";
			developmentRegion = en;
			hasScannedForEncodings = 0;
			knownRegions = (
				en,
				Base,
			);
			mainGroup = 724C3B232657B64F003AD330;
			productRefGroup = 724C3B2D2657B64F003AD330 /* Products */;
			projectDirPath = "";
			projectRoot = "";
			targets = (
				724C3B2B2657B64F003AD330 /* Permission */,
			);
		};
/* End PBXProject section */

/* Begin PBXResourcesBuildPhase section */
		724C3B2A2657B64F003AD330 /* Resources */ = {
			isa = PBXResourcesBuildPhase;
			buildActionMask = 2147483647;
			files = (
				724C3B3C2657B657003AD330 /* LaunchScreen.storyboard in Resources */,
				724C3B392657B657003AD330 /* Assets.xcassets in Resources */,
				724C3B372657B64F003AD330 /* Main.storyboard in Resources */,
				72246D5226722F4600B60866 /* Defect.storyboard in Resources */,
			);
			runOnlyForDeploymentPostprocessing = 0;
		};
/* End PBXResourcesBuildPhase section */

/* Begin PBXSourcesBuildPhase section */
		724C3B282657B64F003AD330 /* Sources */ = {
			isa = PBXSourcesBuildPhase;
			buildActionMask = 2147483647;
			files = (
				724C3B342657B64F003AD330 /* ViewController.swift in Sources */,
				724C3B302657B64F003AD330 /* AppDelegate.swift in Sources */,
				724C3B322657B64F003AD330 /* SceneDelegate.swift in Sources */,
			);
			runOnlyForDeploymentPostprocessing = 0;
		};
/* End PBXSourcesBuildPhase section */

/* Begin PBXVariantGroup section */
		724C3B352657B64F003AD330 /* Main.storyboard */ = {
			isa = PBXVariantGroup;
			children = (
				724C3B362657B64F003AD330 /* Base */,
			);
			name = Main.storyboard;
			sourceTree = "<group>";
		};
		724C3B3A2657B657003AD330 /* LaunchScreen.storyboard */ = {
			isa = PBXVariantGroup;
			children = (
				724C3B3B2657B657003AD330 /* Base */,
			);
			name = LaunchScreen.storyboard;
			sourceTree = "<group>";
		};
/* End PBXVariantGroup section */

/* Begin XCBuildConfiguration section */
		724C3B3E2657B657003AD330 /* Debug */ = {
			isa = XCBuildConfiguration;
			buildSettings = {
				ALWAYS_SEARCH_USER_PATHS = NO;
				CLANG_ANALYZER_NONNULL = YES;
				CLANG_ANALYZER_NUMBER_OBJECT_CONVERSION = YES_AGGRESSIVE;
				CLANG_CXX_LANGUAGE_STANDARD = "gnu++14";
				CLANG_CXX_LIBRARY = "libc++";
				CLANG_ENABLE_MODULES = YES;
				CLANG_ENABLE_OBJC_ARC = YES;
				CLANG_ENABLE_OBJC_WEAK = YES;
				CLANG_WARN_BLOCK_CAPTURE_AUTORELEASING = YES;
				CLANG_WARN_BOOL_CONVERSION = YES;
				CLANG_WARN_COMMA = YES;
				CLANG_WARN_CONSTANT_CONVERSION = YES;
				CLANG_WARN_DEPRECATED_OBJC_IMPLEMENTATIONS = YES;
				CLANG_WARN_DIRECT_OBJC_ISA_USAGE = YES_ERROR;
				CLANG_WARN_DOCUMENTATION_COMMENTS = YES;
				CLANG_WARN_EMPTY_BODY = YES;
				CLANG_WARN_ENUM_CONVERSION = YES;
				CLANG_WARN_INFINITE_RECURSION = YES;
				CLANG_WARN_INT_CONVERSION = YES;
				CLANG_WARN_NON_LITERAL_NULL_CONVERSION = YES;
				CLANG_WARN_OBJC_IMPLICIT_RETAIN_SELF = YES;
				CLANG_WARN_OBJC_LITERAL_CONVERSION = YES;
				CLANG_WARN_OBJC_ROOT_CLASS = YES_ERROR;
				CLANG_WARN_QUOTED_INCLUDE_IN_FRAMEWORK_HEADER = YES;
				CLANG_WARN_RANGE_LOOP_ANALYSIS = YES;
				CLANG_WARN_STRICT_PROTOTYPES = YES;
				CLANG_WARN_SUSPICIOUS_MOVE = YES;
				CLANG_WARN_UNGUARDED_AVAILABILITY = YES_AGGRESSIVE;
				CLANG_WARN_UNREACHABLE_CODE = YES;
				CLANG_WARN__DUPLICATE_METHOD_MATCH = YES;
				COPY_PHASE_STRIP = NO;
				DEBUG_INFORMATION_FORMAT = dwarf;
				ENABLE_STRICT_OBJC_MSGSEND = YES;
				ENABLE_TESTABILITY = YES;
				GCC_C_LANGUAGE_STANDARD = gnu11;
				GCC_DYNAMIC_NO_PIC = NO;
				GCC_NO_COMMON_BLOCKS = YES;
				GCC_OPTIMIZATION_LEVEL = 0;
				GCC_PREPROCESSOR_DEFINITIONS = (
					"DEBUG=1",
					"$(inherited)",
				);
				GCC_WARN_64_TO_32_BIT_CONVERSION = YES;
				GCC_WARN_ABOUT_RETURN_TYPE = YES_ERROR;
				GCC_WARN_UNDECLARED_SELECTOR = YES;
				GCC_WARN_UNINITIALIZED_AUTOS = YES_AGGRESSIVE;
				GCC_WARN_UNUSED_FUNCTION = YES;
				GCC_WARN_UNUSED_VARIABLE = YES;
				IPHONEOS_DEPLOYMENT_TARGET = 14.4;
				MTL_ENABLE_DEBUG_INFO = INCLUDE_SOURCE;
				MTL_FAST_MATH = YES;
				ONLY_ACTIVE_ARCH = YES;
				SDKROOT = iphoneos;
				SWIFT_ACTIVE_COMPILATION_CONDITIONS = DEBUG;
				SWIFT_OPTIMIZATION_LEVEL = "-Onone";
			};
			name = Debug;
		};
		724C3B3F2657B657003AD330 /* Release */ = {
			isa = XCBuildConfiguration;
			buildSettings = {
				ALWAYS_SEARCH_USER_PATHS = NO;
				CLANG_ANALYZER_NONNULL = YES;
				CLANG_ANALYZER_NUMBER_OBJECT_CONVERSION = YES_AGGRESSIVE;
				CLANG_CXX_LANGUAGE_STANDARD = "gnu++14";
				CLANG_CXX_LIBRARY = "libc++";
				CLANG_ENABLE_MODULES = YES;
				CLANG_ENABLE_OBJC_ARC = YES;
				CLANG_ENABLE_OBJC_WEAK = YES;
				CLANG_WARN_BLOCK_CAPTURE_AUTORELEASING = YES;
				CLANG_WARN_BOOL_CONVERSION = YES;
				CLANG_WARN_COMMA = YES;
				CLANG_WARN_CONSTANT_CONVERSION = YES;
				CLANG_WARN_DEPRECATED_OBJC_IMPLEMENTATIONS = YES;
				CLANG_WARN_DIRECT_OBJC_ISA_USAGE = YES_ERROR;
				CLANG_WARN_DOCUMENTATION_COMMENTS = YES;
				CLANG_WARN_EMPTY_BODY = YES;
				CLANG_WARN_ENUM_CONVERSION = YES;
				CLANG_WARN_INFINITE_RECURSION = YES;
				CLANG_WARN_INT_CONVERSION = YES;
				CLANG_WARN_NON_LITERAL_NULL_CONVERSION = YES;
				CLANG_WARN_OBJC_IMPLICIT_RETAIN_SELF = YES;
				CLANG_WARN_OBJC_LITERAL_CONVERSION = YES;
				CLANG_WARN_OBJC_ROOT_CLASS = YES_ERROR;
				CLANG_WARN_QUOTED_INCLUDE_IN_FRAMEWORK_HEADER = YES;
				CLANG_WARN_RANGE_LOOP_ANALYSIS = YES;
				CLANG_WARN_STRICT_PROTOTYPES = YES;
				CLANG_WARN_SUSPICIOUS_MOVE = YES;
				CLANG_WARN_UNGUARDED_AVAILABILITY = YES_AGGRESSIVE;
				CLANG_WARN_UNREACHABLE_CODE = YES;
				CLANG_WARN__DUPLICATE_METHOD_MATCH = YES;
				COPY_PHASE_STRIP = NO;
				DEBUG_INFORMATION_FORMAT = "dwarf-with-dsym";
				ENABLE_NS_ASSERTIONS = NO;
				ENABLE_STRICT_OBJC_MSGSEND = YES;
				GCC_C_LANGUAGE_STANDARD = gnu11;
				GCC_NO_COMMON_BLOCKS = YES;
				GCC_WARN_64_TO_32_BIT_CONVERSION = YES;
				GCC_WARN_ABOUT_RETURN_TYPE = YES_ERROR;
				GCC_WARN_UNDECLARED_SELECTOR = YES;
				GCC_WARN_UNINITIALIZED_AUTOS = YES_AGGRESSIVE;
				GCC_WARN_UNUSED_FUNCTION = YES;
				GCC_WARN_UNUSED_VARIABLE = YES;
				IPHONEOS_DEPLOYMENT_TARGET = 14.4;
				MTL_ENABLE_DEBUG_INFO = NO;
				MTL_FAST_MATH = YES;
				SDKROOT = iphoneos;
				SWIFT_COMPILATION_MODE = wholemodule;
				SWIFT_OPTIMIZATION_LEVEL = "-O";
				VALIDATE_PRODUCT = YES;
			};
			name = Release;
		};
		724C3B412657B657003AD330 /* Debug */ = {
			isa = XCBuildConfiguration;
			buildSettings = {
				ASSETCATALOG_COMPILER_APPICON_NAME = AppIcon;
				ASSETCATALOG_COMPILER_GLOBAL_ACCENT_COLOR_NAME = AccentColor;
				CODE_SIGN_STYLE = Automatic;
				DEVELOPMENT_TEAM = P435J5MK8C;
				INFOPLIST_FILE = Permission/Info.plist;
				IPHONEOS_DEPLOYMENT_TARGET = 13.0;
				LD_RUNPATH_SEARCH_PATHS = (
					"$(inherited)",
					"@executable_path/Frameworks",
				);
				PRODUCT_BUNDLE_IDENTIFIER = com.tomajbayat.Permission;
				PRODUCT_NAME = "$(TARGET_NAME)";
				SWIFT_VERSION = 5.0;
				TARGETED_DEVICE_FAMILY = 1;
			};
			name = Debug;
		};
		724C3B422657B657003AD330 /* Release */ = {
			isa = XCBuildConfiguration;
			buildSettings = {
				ASSETCATALOG_COMPILER_APPICON_NAME = AppIcon;
				ASSETCATALOG_COMPILER_GLOBAL_ACCENT_COLOR_NAME = AccentColor;
				CODE_SIGN_STYLE = Automatic;
				DEVELOPMENT_TEAM = P435J5MK8C;
				INFOPLIST_FILE = Permission/Info.plist;
				IPHONEOS_DEPLOYMENT_TARGET = 13.0;
				LD_RUNPATH_SEARCH_PATHS = (
					"$(inherited)",
					"@executable_path/Frameworks",
				);
				PRODUCT_BUNDLE_IDENTIFIER = com.tomajbayat.Permission;
				PRODUCT_NAME = "$(TARGET_NAME)";
				SWIFT_VERSION = 5.0;
				TARGETED_DEVICE_FAMILY = 1;
			};
			name = Release;
		};
/* End XCBuildConfiguration section */

/* Begin XCConfigurationList section */
		724C3B272657B64F003AD330 /* Build configuration list for PBXProject "Permission" */ = {
			isa = XCConfigurationList;
			buildConfigurations = (
				724C3B3E2657B657003AD330 /* Debug */,
				724C3B3F2657B657003AD330 /* Release */,
			);
			defaultConfigurationIsVisible = 0;
			defaultConfigurationName = Release;
		};
		724C3B402657B657003AD330 /* Build configuration list for PBXNativeTarget "Permission" */ = {
			isa = XCConfigurationList;
			buildConfigurations = (
				724C3B412657B657003AD330 /* Debug */,
				724C3B422657B657003AD330 /* Release */,
			);
			defaultConfigurationIsVisible = 0;
			defaultConfigurationName = Release;
		};
/* End XCConfigurationList section */
	};
	rootObject = 724C3B242657B64F003AD330 /* Project object */;
}
